
Microsoft Visual Studio Solution File, Format Version 12.00
# Visual Studio Version 17
VisualStudioVersion = 17.9.34728.123
MinimumVisualStudioVersion = 10.0.40219.1
Project("{FAE04EC0-301F-11D3-BF4B-00C04F79EFBC}") = "Parking", "Parking.csproj", "{D79D4980-E589-43B9-9535-B74CE6286B90}"
EndProject
Global
	GlobalSection(SolutionConfigurationPlatforms) = preSolution
		Debug|Any CPU = Debug|Any CPU
		Release|Any CPU = Release|Any CPU
	EndGlobalSection
	GlobalSection(ProjectConfigurationPlatforms) = postSolution
		{D79D4980-E589-43B9-9535-B74CE6286B90}.Debug|Any CPU.ActiveCfg = Debug|Any CPU
		{D79D4980-E589-43B9-9535-B74CE6286B90}.Debug|Any CPU.Build.0 = Debug|Any CPU
		{D79D4980-E589-43B9-9535-B74CE6286B90}.Release|Any CPU.ActiveCfg = Release|Any CPU
		{D79D4980-E589-43B9-9535-B74CE6286B90}.Release|Any CPU.Build.0 = Release|Any CPU
	EndGlobalSection
	GlobalSection(SolutionProperties) = preSolution
		HideSolutionNode = FALSE
	EndGlobalSection
	GlobalSection(ExtensibilityGlobals) = postSolution
		SolutionGuid = {FC46000B-B505-4181-9300-7897CE644412}
	EndGlobalSection
EndGlobal
